
Microsoft Visual Studio Solution File, Format Version 12.00
# Visual Studio Version 16
VisualStudioVersion = 16.0.36631.11
MinimumVisualStudioVersion = 10.0.40219.1
Project("{FAE04EC0-301F-11D3-BF4B-00C04F79EFBC}") = "minipr", "minipr\minipr.csproj", "{9E16C41E-089B-4FFC-AE84-E40AE26701A6}"
EndProject
Global
	GlobalSection(SolutionConfigurationPlatforms) = preSolution
		Debug|Any CPU = Debug|Any CPU
		Release|Any CPU = Release|Any CPU
	EndGlobalSection
	GlobalSection(ProjectConfigurationPlatforms) = postSolution
		{9E16C41E-089B-4FFC-AE84-E40AE26701A6}.Debug|Any CPU.ActiveCfg = Debug|Any CPU
		{9E16C41E-089B-4FFC-AE84-E40AE26701A6}.Debug|Any CPU.Build.0 = Debug|Any CPU
		{9E16C41E-089B-4FFC-AE84-E40AE26701A6}.Release|Any CPU.ActiveCfg = Release|Any CPU
		{9E16C41E-089B-4FFC-AE84-E40AE26701A6}.Release|Any CPU.Build.0 = Release|Any CPU
	EndGlobalSection
	GlobalSection(SolutionProperties) = preSolution
		HideSolutionNode = FALSE
	EndGlobalSection
	GlobalSection(ExtensibilityGlobals) = postSolution
		SolutionGuid = {2B9E6D73-EB9F-4C52-A291-192686A639DC}
	EndGlobalSection
EndGlobal
